
Microsoft Visual Studio Solution File, Format Version 12.00
# Visual Studio Version 16
VisualStudioVersion = 16.0.30804.86
MinimumVisualStudioVersion = 10.0.40219.1
Project("{9A19103F-16F7-4668-BE54-9A1E7A4F7556}") = "BinaryTree", "BinaryTree\BinaryTree.csproj", "{C69F97CC-DA7E-448C-85B3-E8F5B30F1F75}"
EndProject
Project("{9A19103F-16F7-4668-BE54-9A1E7A4F7556}") = "Tests", "Tests\Tests.csproj", "{12948FAE-7147-4A1F-BC7A-A43A3BC31616}"
EndProject
Project("{FAE04EC0-301F-11D3-BF4B-00C04F79EFBC}") = "Cns", "Cns\Cns.csproj", "{95584388-F594-47BC-9856-91D07D3F5178}"
EndProject
Global
	GlobalSection(SolutionConfigurationPlatforms) = preSolution
		Debug|Any CPU = Debug|Any CPU
		Release|Any CPU = Release|Any CPU
	EndGlobalSection
	GlobalSection(ProjectConfigurationPlatforms) = postSolution
		{C69F97CC-DA7E-448C-85B3-E8F5B30F1F75}.Debug|Any CPU.ActiveCfg = Debug|Any CPU
		{C69F97CC-DA7E-448C-85B3-E8F5B30F1F75}.Debug|Any CPU.Build.0 = Debug|Any CPU
		{C69F97CC-DA7E-448C-85B3-E8F5B30F1F75}.Release|Any CPU.ActiveCfg = Release|Any CPU
		{C69F97CC-DA7E-448C-85B3-E8F5B30F1F75}.Release|Any CPU.Build.0 = Release|Any CPU
		{12948FAE-7147-4A1F-BC7A-A43A3BC31616}.Debug|Any CPU.ActiveCfg = Debug|Any CPU
		{12948FAE-7147-4A1F-BC7A-A43A3BC31616}.Debug|Any CPU.Build.0 = Debug|Any CPU
		{12948FAE-7147-4A1F-BC7A-A43A3BC31616}.Release|Any CPU.ActiveCfg = Release|Any CPU
		{12948FAE-7147-4A1F-BC7A-A43A3BC31616}.Release|Any CPU.Build.0 = Release|Any CPU
		{95584388-F594-47BC-9856-91D07D3F5178}.Debug|Any CPU.ActiveCfg = Debug|Any CPU
		{95584388-F594-47BC-9856-91D07D3F5178}.Debug|Any CPU.Build.0 = Debug|Any CPU
		{95584388-F594-47BC-9856-91D07D3F5178}.Release|Any CPU.ActiveCfg = Release|Any CPU
		{95584388-F594-47BC-9856-91D07D3F5178}.Release|Any CPU.Build.0 = Release|Any CPU
	EndGlobalSection
	GlobalSection(SolutionProperties) = preSolution
		HideSolutionNode = FALSE
	EndGlobalSection
	GlobalSection(ExtensibilityGlobals) = postSolution
		SolutionGuid = {F2213B27-0774-4C03-A41F-F94977CDE383}
	EndGlobalSection
EndGlobal
