
Microsoft Visual Studio Solution File, Format Version 12.00
# Visual Studio Version 16
VisualStudioVersion = 16.0.30804.86
MinimumVisualStudioVersion = 10.0.40219.1
Project("{FAE04EC0-301F-11D3-BF4B-00C04F79EFBC}") = "Client-Server", "Client-Server\Client-Server.csproj", "{33201E0D-112C-4173-8889-F6757885F7CE}"
EndProject
Project("{FAE04EC0-301F-11D3-BF4B-00C04F79EFBC}") = "ServerConsole", "ServerConsole\ServerConsole.csproj", "{6A49E784-969A-4E8C-B991-0918C8089C56}"
EndProject
Global
	GlobalSection(SolutionConfigurationPlatforms) = preSolution
		Debug|Any CPU = Debug|Any CPU
		Release|Any CPU = Release|Any CPU
	EndGlobalSection
	GlobalSection(ProjectConfigurationPlatforms) = postSolution
		{33201E0D-112C-4173-8889-F6757885F7CE}.Debug|Any CPU.ActiveCfg = Debug|Any CPU
		{33201E0D-112C-4173-8889-F6757885F7CE}.Debug|Any CPU.Build.0 = Debug|Any CPU
		{33201E0D-112C-4173-8889-F6757885F7CE}.Release|Any CPU.ActiveCfg = Release|Any CPU
		{33201E0D-112C-4173-8889-F6757885F7CE}.Release|Any CPU.Build.0 = Release|Any CPU
		{6A49E784-969A-4E8C-B991-0918C8089C56}.Debug|Any CPU.ActiveCfg = Debug|Any CPU
		{6A49E784-969A-4E8C-B991-0918C8089C56}.Debug|Any CPU.Build.0 = Debug|Any CPU
		{6A49E784-969A-4E8C-B991-0918C8089C56}.Release|Any CPU.ActiveCfg = Release|Any CPU
		{6A49E784-969A-4E8C-B991-0918C8089C56}.Release|Any CPU.Build.0 = Release|Any CPU
	EndGlobalSection
	GlobalSection(SolutionProperties) = preSolution
		HideSolutionNode = FALSE
	EndGlobalSection
	GlobalSection(ExtensibilityGlobals) = postSolution
		SolutionGuid = {50E951B0-2EF5-4517-B987-E8D33E99D60D}
	EndGlobalSection
EndGlobal
